
Microsoft Visual Studio Solution File, Format Version 12.00
# Visual Studio Version 17
VisualStudioVersion = 17.9.34723.18
MinimumVisualStudioVersion = 10.0.40219.1
Project("{8BC9CEB8-8B4A-11D0-8D11-00A0C91BC942}") = "clrhost", "clrhost\clrhost.vcxproj", "{E3D8E586-4AC5-431C-A391-782981DAAB6A}"
EndProject
Project("{9A19103F-16F7-4668-BE54-9A1E7A4F7556}") = "CeLeRy", "CeLeRy\CeLeRy.csproj", "{3B5910C4-2700-4DBC-8DEA-2F40CE10F59A}"
EndProject
Project("{8BC9CEB8-8B4A-11D0-8D11-00A0C91BC942}") = "version-proxy", "proxy\version-proxy.vcxproj", "{0BDA66A5-D969-4AB0-A424-760B8FB01F97}"
EndProject
Project("{FAE04EC0-301F-11D3-BF4B-00C04F79EFBC}") = "ExampleMod", "ExampleMod\ExampleMod.csproj", "{3DC840CB-BA46-412C-88AF-10200E42F116}"
EndProject
Global
	GlobalSection(SolutionConfigurationPlatforms) = preSolution
		Debug|Any CPU = Debug|Any CPU
		Debug|x64 = Debug|x64
		Debug|x86 = Debug|x86
		Release|Any CPU = Release|Any CPU
		Release|x64 = Release|x64
		Release|x86 = Release|x86
	EndGlobalSection
	GlobalSection(ProjectConfigurationPlatforms) = postSolution
		{E3D8E586-4AC5-431C-A391-782981DAAB6A}.Debug|Any CPU.ActiveCfg = Debug|x64
		{E3D8E586-4AC5-431C-A391-782981DAAB6A}.Debug|Any CPU.Build.0 = Debug|x64
		{E3D8E586-4AC5-431C-A391-782981DAAB6A}.Debug|x64.ActiveCfg = Debug|x64
		{E3D8E586-4AC5-431C-A391-782981DAAB6A}.Debug|x64.Build.0 = Debug|x64
		{E3D8E586-4AC5-431C-A391-782981DAAB6A}.Debug|x86.ActiveCfg = Debug|Win32
		{E3D8E586-4AC5-431C-A391-782981DAAB6A}.Debug|x86.Build.0 = Debug|Win32
		{E3D8E586-4AC5-431C-A391-782981DAAB6A}.Release|Any CPU.ActiveCfg = Release|x64
		{E3D8E586-4AC5-431C-A391-782981DAAB6A}.Release|Any CPU.Build.0 = Release|x64
		{E3D8E586-4AC5-431C-A391-782981DAAB6A}.Release|x64.ActiveCfg = Release|x64
		{E3D8E586-4AC5-431C-A391-782981DAAB6A}.Release|x64.Build.0 = Release|x64
		{E3D8E586-4AC5-431C-A391-782981DAAB6A}.Release|x86.ActiveCfg = Release|Win32
		{E3D8E586-4AC5-431C-A391-782981DAAB6A}.Release|x86.Build.0 = Release|Win32
		{3B5910C4-2700-4DBC-8DEA-2F40CE10F59A}.Debug|Any CPU.ActiveCfg = Debug|Any CPU
		{3B5910C4-2700-4DBC-8DEA-2F40CE10F59A}.Debug|Any CPU.Build.0 = Debug|Any CPU
		{3B5910C4-2700-4DBC-8DEA-2F40CE10F59A}.Debug|x64.ActiveCfg = Debug|Any CPU
		{3B5910C4-2700-4DBC-8DEA-2F40CE10F59A}.Debug|x64.Build.0 = Debug|Any CPU
		{3B5910C4-2700-4DBC-8DEA-2F40CE10F59A}.Debug|x86.ActiveCfg = Debug|Any CPU
		{3B5910C4-2700-4DBC-8DEA-2F40CE10F59A}.Debug|x86.Build.0 = Debug|Any CPU
		{3B5910C4-2700-4DBC-8DEA-2F40CE10F59A}.Release|Any CPU.ActiveCfg = Release|Any CPU
		{3B5910C4-2700-4DBC-8DEA-2F40CE10F59A}.Release|Any CPU.Build.0 = Release|Any CPU
		{3B5910C4-2700-4DBC-8DEA-2F40CE10F59A}.Release|x64.ActiveCfg = Release|Any CPU
		{3B5910C4-2700-4DBC-8DEA-2F40CE10F59A}.Release|x64.Build.0 = Release|Any CPU
		{3B5910C4-2700-4DBC-8DEA-2F40CE10F59A}.Release|x86.ActiveCfg = Release|Any CPU
		{3B5910C4-2700-4DBC-8DEA-2F40CE10F59A}.Release|x86.Build.0 = Release|Any CPU
		{0BDA66A5-D969-4AB0-A424-760B8FB01F97}.Debug|Any CPU.ActiveCfg = Debug|x64
		{0BDA66A5-D969-4AB0-A424-760B8FB01F97}.Debug|Any CPU.Build.0 = Debug|x64
		{0BDA66A5-D969-4AB0-A424-760B8FB01F97}.Debug|x64.ActiveCfg = Debug|x64
		{0BDA66A5-D969-4AB0-A424-760B8FB01F97}.Debug|x64.Build.0 = Debug|x64
		{0BDA66A5-D969-4AB0-A424-760B8FB01F97}.Debug|x86.ActiveCfg = Debug|Win32
		{0BDA66A5-D969-4AB0-A424-760B8FB01F97}.Debug|x86.Build.0 = Debug|Win32
		{0BDA66A5-D969-4AB0-A424-760B8FB01F97}.Release|Any CPU.ActiveCfg = Release|x64
		{0BDA66A5-D969-4AB0-A424-760B8FB01F97}.Release|Any CPU.Build.0 = Release|x64
		{0BDA66A5-D969-4AB0-A424-760B8FB01F97}.Release|x64.ActiveCfg = Release|x64
		{0BDA66A5-D969-4AB0-A424-760B8FB01F97}.Release|x64.Build.0 = Release|x64
		{0BDA66A5-D969-4AB0-A424-760B8FB01F97}.Release|x86.ActiveCfg = Release|Win32
		{0BDA66A5-D969-4AB0-A424-760B8FB01F97}.Release|x86.Build.0 = Release|Win32
		{3DC840CB-BA46-412C-88AF-10200E42F116}.Debug|Any CPU.ActiveCfg = Debug|Any CPU
		{3DC840CB-BA46-412C-88AF-10200E42F116}.Debug|Any CPU.Build.0 = Debug|Any CPU
		{3DC840CB-BA46-412C-88AF-10200E42F116}.Debug|x64.ActiveCfg = Debug|Any CPU
		{3DC840CB-BA46-412C-88AF-10200E42F116}.Debug|x64.Build.0 = Debug|Any CPU
		{3DC840CB-BA46-412C-88AF-10200E42F116}.Debug|x86.ActiveCfg = Debug|Any CPU
		{3DC840CB-BA46-412C-88AF-10200E42F116}.Debug|x86.Build.0 = Debug|Any CPU
		{3DC840CB-BA46-412C-88AF-10200E42F116}.Release|Any CPU.ActiveCfg = Release|Any CPU
		{3DC840CB-BA46-412C-88AF-10200E42F116}.Release|Any CPU.Build.0 = Release|Any CPU
		{3DC840CB-BA46-412C-88AF-10200E42F116}.Release|x64.ActiveCfg = Release|Any CPU
		{3DC840CB-BA46-412C-88AF-10200E42F116}.Release|x64.Build.0 = Release|Any CPU
		{3DC840CB-BA46-412C-88AF-10200E42F116}.Release|x86.ActiveCfg = Release|Any CPU
		{3DC840CB-BA46-412C-88AF-10200E42F116}.Release|x86.Build.0 = Release|Any CPU
	EndGlobalSection
	GlobalSection(SolutionProperties) = preSolution
		HideSolutionNode = FALSE
	EndGlobalSection
	GlobalSection(ExtensibilityGlobals) = postSolution
		SolutionGuid = {2954F3F7-8D28-4492-AF3E-92BE2CE7F925}
	EndGlobalSection
EndGlobal
